
Microsoft Visual Studio Solution File, Format Version 12.00
# Visual Studio 14
VisualStudioVersion = 14.0.25420.1
MinimumVisualStudioVersion = 10.0.40219.1
Project("{FAE04EC0-301F-11D3-BF4B-00C04F79EFBC}") = "BankApp", "BankApp\BankApp.csproj", "{E4C98E5C-D5B2-4465-AD73-080219E38D93}"
EndProject
Project("{FAE04EC0-301F-11D3-BF4B-00C04F79EFBC}") = "BankLib", "BankLib\BankLib.csproj", "{CFB980F0-3B5E-43B0-B43A-1B41DAC55001}"
EndProject
Global
	GlobalSection(SolutionConfigurationPlatforms) = preSolution
		Debug|Any CPU = Debug|Any CPU
		Release|Any CPU = Release|Any CPU
	EndGlobalSection
	GlobalSection(ProjectConfigurationPlatforms) = postSolution
		{E4C98E5C-D5B2-4465-AD73-080219E38D93}.Debug|Any CPU.ActiveCfg = Debug|Any CPU
		{E4C98E5C-D5B2-4465-AD73-080219E38D93}.Debug|Any CPU.Build.0 = Debug|Any CPU
		{E4C98E5C-D5B2-4465-AD73-080219E38D93}.Release|Any CPU.ActiveCfg = Release|Any CPU
		{E4C98E5C-D5B2-4465-AD73-080219E38D93}.Release|Any CPU.Build.0 = Release|Any CPU
		{CFB980F0-3B5E-43B0-B43A-1B41DAC55001}.Debug|Any CPU.ActiveCfg = Debug|Any CPU
		{CFB980F0-3B5E-43B0-B43A-1B41DAC55001}.Debug|Any CPU.Build.0 = Debug|Any CPU
		{CFB980F0-3B5E-43B0-B43A-1B41DAC55001}.Release|Any CPU.ActiveCfg = Release|Any CPU
		{CFB980F0-3B5E-43B0-B43A-1B41DAC55001}.Release|Any CPU.Build.0 = Release|Any CPU
	EndGlobalSection
	GlobalSection(SolutionProperties) = preSolution
		HideSolutionNode = FALSE
	EndGlobalSection
EndGlobal
